// !$*UTF8*$!
{
	archiveVersion = 1;
	classes = {
	};
	objectVersion = 51;
	objects = {

/* Begin PBXBuildFile section */
		298A876DDCBB2D3940D75230 /* Pods_My_Society_HubTests.framework in Frameworks */ = {isa = PBXBuildFile; fileRef = DC7DABD15B477E43A277D72A /* Pods_My_Society_HubTests.framework */; };
		5F76E99A0C747C69AEB07B47 /* Pods_My_Society_Hub.framework in Frameworks */ = {isa = PBXBuildFile; fileRef = 0D4B66330EEB1006128343FE /* Pods_My_Society_Hub.framework */; };
		870655D1265A858800BF9904 /* NewNoticeVC.swift in Sources */ = {isa = PBXBuildFile; fileRef = 870655D0265A858800BF9904 /* NewNoticeVC.swift */; };
		870655D3265A859700BF9904 /* NewComplaintVC.swift in Sources */ = {isa = PBXBuildFile; fileRef = 870655D2265A859700BF9904 /* NewComplaintVC.swift */; };
		8714B42C26611BA4007D38AB /* NoticeBoardPaymentCell.swift in Sources */ = {isa = PBXBuildFile; fileRef = 8714B42A26611BA4007D38AB /* NoticeBoardPaymentCell.swift */; };
		8714B42D26611BA4007D38AB /* NoticeBoardPaymentCell.xib in Resources */ = {isa = PBXBuildFile; fileRef = 8714B42B26611BA4007D38AB /* NoticeBoardPaymentCell.xib */; };
		8724FE12265A68520032BB07 /* MyAccountCell.swift in Sources */ = {isa = PBXBuildFile; fileRef = 8724FE10265A68520032BB07 /* MyAccountCell.swift */; };
		8724FE13265A68520032BB07 /* MyAccountCell.xib in Resources */ = {isa = PBXBuildFile; fileRef = 8724FE11265A68520032BB07 /* MyAccountCell.xib */; };
		8724FE15265A6A670032BB07 /* BillSlabVC.swift in Sources */ = {isa = PBXBuildFile; fileRef = 8724FE14265A6A670032BB07 /* BillSlabVC.swift */; };
		8724FE18265A6A7D0032BB07 /* BillSlabCell.swift in Sources */ = {isa = PBXBuildFile; fileRef = 8724FE16265A6A7D0032BB07 /* BillSlabCell.swift */; };
		8724FE19265A6A7D0032BB07 /* BillSlabCell.xib in Resources */ = {isa = PBXBuildFile; fileRef = 8724FE17265A6A7D0032BB07 /* BillSlabCell.xib */; };
		8724FE1C265A6D8D0032BB07 /* SignatoryDetailsCell.swift in Sources */ = {isa = PBXBuildFile; fileRef = 8724FE1A265A6D8D0032BB07 /* SignatoryDetailsCell.swift */; };
		8724FE1D265A6D8D0032BB07 /* SignatoryDetailsCell.xib in Resources */ = {isa = PBXBuildFile; fileRef = 8724FE1B265A6D8D0032BB07 /* SignatoryDetailsCell.xib */; };
		87272846265A6F670096499F /* SignatoryDetailsVC.swift in Sources */ = {isa = PBXBuildFile; fileRef = 87272845265A6F670096499F /* SignatoryDetailsVC.swift */; };
		87272848265A71260096499F /* EmergencyVC.swift in Sources */ = {isa = PBXBuildFile; fileRef = 87272847265A71260096499F /* EmergencyVC.swift */; };
		8727284B265A71380096499F /* EmergencyCell.swift in Sources */ = {isa = PBXBuildFile; fileRef = 87272849265A71380096499F /* EmergencyCell.swift */; };
		8727284C265A71380096499F /* EmergencyCell.xib in Resources */ = {isa = PBXBuildFile; fileRef = 8727284A265A71380096499F /* EmergencyCell.xib */; };
		8727284E265A73490096499F /* GlobalHelper.swift in Sources */ = {isa = PBXBuildFile; fileRef = 8727284D265A73490096499F /* GlobalHelper.swift */; };
		87272850265A73B40096499F /* EmergencyNumbersVC.swift in Sources */ = {isa = PBXBuildFile; fileRef = 8727284F265A73B40096499F /* EmergencyNumbersVC.swift */; };
		87272853265A74F20096499F /* EmergencyNumbersCell.swift in Sources */ = {isa = PBXBuildFile; fileRef = 87272851265A74F20096499F /* EmergencyNumbersCell.swift */; };
		87272854265A74F20096499F /* EmergencyNumbersCell.xib in Resources */ = {isa = PBXBuildFile; fileRef = 87272852265A74F20096499F /* EmergencyNumbersCell.xib */; };
		87272856265A78840096499F /* NoticeDetailsVC.swift in Sources */ = {isa = PBXBuildFile; fileRef = 87272855265A78840096499F /* NoticeDetailsVC.swift */; };
		87272858265A78940096499F /* ComplaintDetailsVC.swift in Sources */ = {isa = PBXBuildFile; fileRef = 87272857265A78940096499F /* ComplaintDetailsVC.swift */; };
		876246C7265EA4F1009493E3 /* UITextView+Extension.swift in Sources */ = {isa = PBXBuildFile; fileRef = 876246C6265EA4F1009493E3 /* UITextView+Extension.swift */; };
		8765364F265FABC90049C766 /* ImageFilePicker.swift in Sources */ = {isa = PBXBuildFile; fileRef = 8765364E265FABC90049C766 /* ImageFilePicker.swift */; };
		8779511526597EBA002860F9 /* ImageCollectionCell.swift in Sources */ = {isa = PBXBuildFile; fileRef = 8779511326597EBA002860F9 /* ImageCollectionCell.swift */; };
		8779511626597EBA002860F9 /* ImageCollectionCell.xib in Resources */ = {isa = PBXBuildFile; fileRef = 8779511426597EBA002860F9 /* ImageCollectionCell.xib */; };
		87795119265984AE002860F9 /* UserAccount.storyboard in Resources */ = {isa = PBXBuildFile; fileRef = 87795118265984AE002860F9 /* UserAccount.storyboard */; };
		8779511B265984D1002860F9 /* MyAccountVC.swift in Sources */ = {isa = PBXBuildFile; fileRef = 8779511A265984D1002860F9 /* MyAccountVC.swift */; };
		8779511E26598505002860F9 /* NoticeVC.swift in Sources */ = {isa = PBXBuildFile; fileRef = 8779511D26598505002860F9 /* NoticeVC.swift */; };
		8779512026598521002860F9 /* NoticeComplaint.storyboard in Resources */ = {isa = PBXBuildFile; fileRef = 8779511F26598521002860F9 /* NoticeComplaint.storyboard */; };
		877951222659853F002860F9 /* ComplaintVC.swift in Sources */ = {isa = PBXBuildFile; fileRef = 877951212659853F002860F9 /* ComplaintVC.swift */; };
		8779512626598805002860F9 /* NoticeCell.swift in Sources */ = {isa = PBXBuildFile; fileRef = 8779512426598805002860F9 /* NoticeCell.swift */; };
		8779512726598805002860F9 /* NoticeCell.xib in Resources */ = {isa = PBXBuildFile; fileRef = 8779512526598805002860F9 /* NoticeCell.xib */; };
		8779512A26598817002860F9 /* ComplaintCell.swift in Sources */ = {isa = PBXBuildFile; fileRef = 8779512826598817002860F9 /* ComplaintCell.swift */; };
		8779512B26598817002860F9 /* ComplaintCell.xib in Resources */ = {isa = PBXBuildFile; fileRef = 8779512926598817002860F9 /* ComplaintCell.xib */; };
		877F933326596BB100826C36 /* ForgotPasswordVC.swift in Sources */ = {isa = PBXBuildFile; fileRef = 877F933226596BB100826C36 /* ForgotPasswordVC.swift */; };
		877F933526596E3F00826C36 /* ChangePasswordVC.swift in Sources */ = {isa = PBXBuildFile; fileRef = 877F933426596E3F00826C36 /* ChangePasswordVC.swift */; };
		877F933826596F2900826C36 /* Dashboard.storyboard in Resources */ = {isa = PBXBuildFile; fileRef = 877F933726596F2900826C36 /* Dashboard.storyboard */; };
		877F933A26596F3A00826C36 /* DashboardVC.swift in Sources */ = {isa = PBXBuildFile; fileRef = 877F933926596F3A00826C36 /* DashboardVC.swift */; };
		877F933C2659713800826C36 /* DashboardTabBarVC.swift in Sources */ = {isa = PBXBuildFile; fileRef = 877F933B2659713800826C36 /* DashboardTabBarVC.swift */; };
		877F933E265972EB00826C36 /* PagingCollectionViewLayout.swift in Sources */ = {isa = PBXBuildFile; fileRef = 877F933D265972EB00826C36 /* PagingCollectionViewLayout.swift */; };
		877F93422659757F00826C36 /* NoticeBoardCell.swift in Sources */ = {isa = PBXBuildFile; fileRef = 877F93402659757F00826C36 /* NoticeBoardCell.swift */; };
		877F93432659757F00826C36 /* NoticeBoardCell.xib in Resources */ = {isa = PBXBuildFile; fileRef = 877F93412659757F00826C36 /* NoticeBoardCell.xib */; };
		877F934626597C8F00826C36 /* OperationCell.swift in Sources */ = {isa = PBXBuildFile; fileRef = 877F934426597C8F00826C36 /* OperationCell.swift */; };
		877F934726597C8F00826C36 /* OperationCell.xib in Resources */ = {isa = PBXBuildFile; fileRef = 877F934526597C8F00826C36 /* OperationCell.xib */; };
		8781D023265FC00900682C10 /* MiniStatementVC.swift in Sources */ = {isa = PBXBuildFile; fileRef = 8781D022265FC00900682C10 /* MiniStatementVC.swift */; };
		8781D026265FC02400682C10 /* MiniStatementHeaderCell.swift in Sources */ = {isa = PBXBuildFile; fileRef = 8781D024265FC02400682C10 /* MiniStatementHeaderCell.swift */; };
		8781D027265FC02400682C10 /* MiniStatementHeaderCell.xib in Resources */ = {isa = PBXBuildFile; fileRef = 8781D025265FC02400682C10 /* MiniStatementHeaderCell.xib */; };
		8781D02A265FC03500682C10 /* MiniStatementCell.swift in Sources */ = {isa = PBXBuildFile; fileRef = 8781D028265FC03500682C10 /* MiniStatementCell.swift */; };
		8781D02B265FC03500682C10 /* MiniStatementCell.xib in Resources */ = {isa = PBXBuildFile; fileRef = 8781D029265FC03500682C10 /* MiniStatementCell.xib */; };
		8781D02D265FC63800682C10 /* MiniStatementModel.swift in Sources */ = {isa = PBXBuildFile; fileRef = 8781D02C265FC63800682C10 /* MiniStatementModel.swift */; };
		8793C60E265E7FDF002ABCFB /* Date+Extension.swift in Sources */ = {isa = PBXBuildFile; fileRef = 8793C60D265E7FDF002ABCFB /* Date+Extension.swift */; };
		87971155266234A8004A933A /* ProfileVC.swift in Sources */ = {isa = PBXBuildFile; fileRef = 87971154266234A8004A933A /* ProfileVC.swift */; };
		8797115726624535004A933A /* WebViewVC.swift in Sources */ = {isa = PBXBuildFile; fileRef = 8797115626624535004A933A /* WebViewVC.swift */; };
		87A7EE662657847000562DF8 /* Constants+Identifiers.swift in Sources */ = {isa = PBXBuildFile; fileRef = 87A7EE652657847000562DF8 /* Constants+Identifiers.swift */; };
		87A7EE69265784C100562DF8 /* StartAppPagerCell.swift in Sources */ = {isa = PBXBuildFile; fileRef = 87A7EE67265784C100562DF8 /* StartAppPagerCell.swift */; };
		87A7EE6A265784C100562DF8 /* StartAppPagerCell.xib in Resources */ = {isa = PBXBuildFile; fileRef = 87A7EE68265784C100562DF8 /* StartAppPagerCell.xib */; };
		87A7EE6D265785AB00562DF8 /* UIView+Extension.swift in Sources */ = {isa = PBXBuildFile; fileRef = 87A7EE6C265785AB00562DF8 /* UIView+Extension.swift */; };
		87A7EE6F265785BE00562DF8 /* StaticModels.swift in Sources */ = {isa = PBXBuildFile; fileRef = 87A7EE6E265785BE00562DF8 /* StaticModels.swift */; };
		87A7EE712657871300562DF8 /* Constants+Localization.swift in Sources */ = {isa = PBXBuildFile; fileRef = 87A7EE702657871300562DF8 /* Constants+Localization.swift */; };
		87A7EE75265789FB00562DF8 /* Constants+Images.swift in Sources */ = {isa = PBXBuildFile; fileRef = 87A7EE74265789FB00562DF8 /* Constants+Images.swift */; };
		87A7EE79265793C500562DF8 /* LoginVC.swift in Sources */ = {isa = PBXBuildFile; fileRef = 87A7EE78265793C500562DF8 /* LoginVC.swift */; };
		87A7EE7B265793D600562DF8 /* Login.storyboard in Resources */ = {isa = PBXBuildFile; fileRef = 87A7EE7A265793D600562DF8 /* Login.storyboard */; };
		87A7EE7D2657954600562DF8 /* UIStoryboard+Extensions.swift in Sources */ = {isa = PBXBuildFile; fileRef = 87A7EE7C2657954600562DF8 /* UIStoryboard+Extensions.swift */; };
		87A7EE80265795AC00562DF8 /* Declaration.swift in Sources */ = {isa = PBXBuildFile; fileRef = 87A7EE7F265795AC00562DF8 /* Declaration.swift */; };
		87A7EE822657960300562DF8 /* BaseViewController.swift in Sources */ = {isa = PBXBuildFile; fileRef = 87A7EE812657960300562DF8 /* BaseViewController.swift */; };
		87D3F8D9265A4E6C00064F19 /* PayNowVC.swift in Sources */ = {isa = PBXBuildFile; fileRef = 87D3F8D8265A4E6C00064F19 /* PayNowVC.swift */; };
		87D71724265E197F00CB774D /* LoginModel.swift in Sources */ = {isa = PBXBuildFile; fileRef = 87D71723265E197F00CB774D /* LoginModel.swift */; };
		87D71726265E240600CB774D /* UIImage+Extension.swift in Sources */ = {isa = PBXBuildFile; fileRef = 87D71725265E240600CB774D /* UIImage+Extension.swift */; };
		87D71728265E2E2900CB774D /* PasswordModel.swift in Sources */ = {isa = PBXBuildFile; fileRef = 87D71727265E2E2900CB774D /* PasswordModel.swift */; };
		87D7172A265E342400CB774D /* UserModel.swift in Sources */ = {isa = PBXBuildFile; fileRef = 87D71729265E342400CB774D /* UserModel.swift */; };
		87D7172C265E516400CB774D /* SignatoryModel.swift in Sources */ = {isa = PBXBuildFile; fileRef = 87D7172B265E516400CB774D /* SignatoryModel.swift */; };
		87D7172E265E5A7A00CB774D /* NoticeModel.swift in Sources */ = {isa = PBXBuildFile; fileRef = 87D7172D265E5A7A00CB774D /* NoticeModel.swift */; };
		87DE5CB22654F720002FAF59 /* AppDelegate.swift in Sources */ = {isa = PBXBuildFile; fileRef = 87DE5CB12654F720002FAF59 /* AppDelegate.swift */; };
		87DE5CB42654F720002FAF59 /* SceneDelegate.swift in Sources */ = {isa = PBXBuildFile; fileRef = 87DE5CB32654F720002FAF59 /* SceneDelegate.swift */; };
		87DE5CB62654F720002FAF59 /* StartAppPagerVC.swift in Sources */ = {isa = PBXBuildFile; fileRef = 87DE5CB52654F720002FAF59 /* StartAppPagerVC.swift */; };
		87DE5CB92654F720002FAF59 /* Main.storyboard in Resources */ = {isa = PBXBuildFile; fileRef = 87DE5CB72654F720002FAF59 /* Main.storyboard */; };
		87DE5CBB2654F721002FAF59 /* Assets.xcassets in Resources */ = {isa = PBXBuildFile; fileRef = 87DE5CBA2654F721002FAF59 /* Assets.xcassets */; };
		87DE5CBE2654F721002FAF59 /* LaunchScreen.storyboard in Resources */ = {isa = PBXBuildFile; fileRef = 87DE5CBC2654F721002FAF59 /* LaunchScreen.storyboard */; };
		87DE5CC92654F721002FAF59 /* My_Society_HubTests.swift in Sources */ = {isa = PBXBuildFile; fileRef = 87DE5CC82654F721002FAF59 /* My_Society_HubTests.swift */; };
		87DE5CD42654F721002FAF59 /* My_Society_HubUITests.swift in Sources */ = {isa = PBXBuildFile; fileRef = 87DE5CD32654F721002FAF59 /* My_Society_HubUITests.swift */; };
		87DE5CF02655002A002FAF59 /* Localizable.strings in Resources */ = {isa = PBXBuildFile; fileRef = 87DE5CEF2655002A002FAF59 /* Localizable.strings */; };
		87DE5CF3265501CA002FAF59 /* String+Extension.swift in Sources */ = {isa = PBXBuildFile; fileRef = 87DE5CF2265501CA002FAF59 /* String+Extension.swift */; };
		87DE5CF5265501D7002FAF59 /* UIColor+Extension.swift in Sources */ = {isa = PBXBuildFile; fileRef = 87DE5CF4265501D7002FAF59 /* UIColor+Extension.swift */; };
		87EB63A2265D07F300C34A1E /* ApiManager.swift in Sources */ = {isa = PBXBuildFile; fileRef = 87EB63A1265D07F300C34A1E /* ApiManager.swift */; };
		87EB63A4265D084700C34A1E /* Constants+UserDefaults.swift in Sources */ = {isa = PBXBuildFile; fileRef = 87EB63A3265D084700C34A1E /* Constants+UserDefaults.swift */; };
		87EB63A6265D0A6700C34A1E /* ApiHandler.swift in Sources */ = {isa = PBXBuildFile; fileRef = 87EB63A5265D0A6700C34A1E /* ApiHandler.swift */; };
		B9ABED79F125B23D6A50B7C5 /* Pods_My_Society_Hub_My_Society_HubUITests.framework in Frameworks */ = {isa = PBXBuildFile; fileRef = CC264D9C0ECBF6D1BD21C80A /* Pods_My_Society_Hub_My_Society_HubUITests.framework */; };
/* End PBXBuildFile section */

/* Begin PBXContainerItemProxy section */
		87DE5CC52654F721002FAF59 /* PBXContainerItemProxy */ = {
			isa = PBXContainerItemProxy;
			containerPortal = 87DE5CA62654F720002FAF59 /* Project object */;
			proxyType = 1;
			remoteGlobalIDString = 87DE5CAD2654F720002FAF59;
			remoteInfo = "My Society Hub";
		};
		87DE5CD02654F721002FAF59 /* PBXContainerItemProxy */ = {
			isa = PBXContainerItemProxy;
			containerPortal = 87DE5CA62654F720002FAF59 /* Project object */;
			proxyType = 1;
			remoteGlobalIDString = 87DE5CAD2654F720002FAF59;
			remoteInfo = "My Society Hub";
		};
/* End PBXContainerItemProxy section */

/* Begin PBXFileReference section */
		0D4B66330EEB1006128343FE /* Pods_My_Society_Hub.framework */ = {isa = PBXFileReference; explicitFileType = wrapper.framework; includeInIndex = 0; path = Pods_My_Society_Hub.framework; sourceTree = BUILT_PRODUCTS_DIR; };
		0FD5CEB79FADC0A5A51FA144 /* Pods-My Society Hub-My Society HubUITests.debug.xcconfig */ = {isa = PBXFileReference; includeInIndex = 1; lastKnownFileType = text.xcconfig; name = "Pods-My Society Hub-My Society HubUITests.debug.xcconfig"; path = "Target Support Files/Pods-My Society Hub-My Society HubUITests/Pods-My Society Hub-My Society HubUITests.debug.xcconfig"; sourceTree = "<group>"; };
		866520D75F47A3D34D7BDACC /* Pods-My Society HubTests.debug.xcconfig */ = {isa = PBXFileReference; includeInIndex = 1; lastKnownFileType = text.xcconfig; name = "Pods-My Society HubTests.debug.xcconfig"; path = "Target Support Files/Pods-My Society HubTests/Pods-My Society HubTests.debug.xcconfig"; sourceTree = "<group>"; };
		870655D0265A858800BF9904 /* NewNoticeVC.swift */ = {isa = PBXFileReference; lastKnownFileType = sourcecode.swift; path = NewNoticeVC.swift; sourceTree = "<group>"; };
		870655D2265A859700BF9904 /* NewComplaintVC.swift */ = {isa = PBXFileReference; lastKnownFileType = sourcecode.swift; path = NewComplaintVC.swift; sourceTree = "<group>"; };
		8714B42A26611BA4007D38AB /* NoticeBoardPaymentCell.swift */ = {isa = PBXFileReference; lastKnownFileType = sourcecode.swift; path = NoticeBoardPaymentCell.swift; sourceTree = "<group>"; };
		8714B42B26611BA4007D38AB /* NoticeBoardPaymentCell.xib */ = {isa = PBXFileReference; lastKnownFileType = file.xib; path = NoticeBoardPaymentCell.xib; sourceTree = "<group>"; };
		8724FE10265A68520032BB07 /* MyAccountCell.swift */ = {isa = PBXFileReference; lastKnownFileType = sourcecode.swift; path = MyAccountCell.swift; sourceTree = "<group>"; };
		8724FE11265A68520032BB07 /* MyAccountCell.xib */ = {isa = PBXFileReference; lastKnownFileType = file.xib; path = MyAccountCell.xib; sourceTree = "<group>"; };
		8724FE14265A6A670032BB07 /* BillSlabVC.swift */ = {isa = PBXFileReference; lastKnownFileType = sourcecode.swift; path = BillSlabVC.swift; sourceTree = "<group>"; };
		8724FE16265A6A7D0032BB07 /* BillSlabCell.swift */ = {isa = PBXFileReference; lastKnownFileType = sourcecode.swift; path = BillSlabCell.swift; sourceTree = "<group>"; };
		8724FE17265A6A7D0032BB07 /* BillSlabCell.xib */ = {isa = PBXFileReference; lastKnownFileType = file.xib; path = BillSlabCell.xib; sourceTree = "<group>"; };
		8724FE1A265A6D8D0032BB07 /* SignatoryDetailsCell.swift */ = {isa = PBXFileReference; lastKnownFileType = sourcecode.swift; path = SignatoryDetailsCell.swift; sourceTree = "<group>"; };
		8724FE1B265A6D8D0032BB07 /* SignatoryDetailsCell.xib */ = {isa = PBXFileReference; lastKnownFileType = file.xib; path = SignatoryDetailsCell.xib; sourceTree = "<group>"; };
		87272845265A6F670096499F /* SignatoryDetailsVC.swift */ = {isa = PBXFileReference; lastKnownFileType = sourcecode.swift; path = SignatoryDetailsVC.swift; sourceTree = "<group>"; };
		87272847265A71260096499F /* EmergencyVC.swift */ = {isa = PBXFileReference; lastKnownFileType = sourcecode.swift; path = EmergencyVC.swift; sourceTree = "<group>"; };
		87272849265A71380096499F /* EmergencyCell.swift */ = {isa = PBXFileReference; lastKnownFileType = sourcecode.swift; path = EmergencyCell.swift; sourceTree = "<group>"; };
		8727284A265A71380096499F /* EmergencyCell.xib */ = {isa = PBXFileReference; lastKnownFileType = file.xib; path = EmergencyCell.xib; sourceTree = "<group>"; };
		8727284D265A73490096499F /* GlobalHelper.swift */ = {isa = PBXFileReference; lastKnownFileType = sourcecode.swift; path = GlobalHelper.swift; sourceTree = "<group>"; };
		8727284F265A73B40096499F /* EmergencyNumbersVC.swift */ = {isa = PBXFileReference; lastKnownFileType = sourcecode.swift; path = EmergencyNumbersVC.swift; sourceTree = "<group>"; };
		87272851265A74F20096499F /* EmergencyNumbersCell.swift */ = {isa = PBXFileReference; lastKnownFileType = sourcecode.swift; path = EmergencyNumbersCell.swift; sourceTree = "<group>"; };
		87272852265A74F20096499F /* EmergencyNumbersCell.xib */ = {isa = PBXFileReference; lastKnownFileType = file.xib; path = EmergencyNumbersCell.xib; sourceTree = "<group>"; };
		87272855265A78840096499F /* NoticeDetailsVC.swift */ = {isa = PBXFileReference; lastKnownFileType = sourcecode.swift; path = NoticeDetailsVC.swift; sourceTree = "<group>"; };
		87272857265A78940096499F /* ComplaintDetailsVC.swift */ = {isa = PBXFileReference; lastKnownFileType = sourcecode.swift; path = ComplaintDetailsVC.swift; sourceTree = "<group>"; };
		876246C6265EA4F1009493E3 /* UITextView+Extension.swift */ = {isa = PBXFileReference; lastKnownFileType = sourcecode.swift; path = "UITextView+Extension.swift"; sourceTree = "<group>"; };
		8765364E265FABC90049C766 /* ImageFilePicker.swift */ = {isa = PBXFileReference; lastKnownFileType = sourcecode.swift; path = ImageFilePicker.swift; sourceTree = "<group>"; };
		8779511326597EBA002860F9 /* ImageCollectionCell.swift */ = {isa = PBXFileReference; lastKnownFileType = sourcecode.swift; path = ImageCollectionCell.swift; sourceTree = "<group>"; };
		8779511426597EBA002860F9 /* ImageCollectionCell.xib */ = {isa = PBXFileReference; lastKnownFileType = file.xib; path = ImageCollectionCell.xib; sourceTree = "<group>"; };
		87795118265984AE002860F9 /* UserAccount.storyboard */ = {isa = PBXFileReference; lastKnownFileType = file.storyboard; path = UserAccount.storyboard; sourceTree = "<group>"; };
		8779511A265984D1002860F9 /* MyAccountVC.swift */ = {isa = PBXFileReference; lastKnownFileType = sourcecode.swift; path = MyAccountVC.swift; sourceTree = "<group>"; };
		8779511D26598505002860F9 /* NoticeVC.swift */ = {isa = PBXFileReference; lastKnownFileType = sourcecode.swift; path = NoticeVC.swift; sourceTree = "<group>"; };
		8779511F26598521002860F9 /* NoticeComplaint.storyboard */ = {isa = PBXFileReference; lastKnownFileType = file.storyboard; path = NoticeComplaint.storyboard; sourceTree = "<group>"; };
		877951212659853F002860F9 /* ComplaintVC.swift */ = {isa = PBXFileReference; lastKnownFileType = sourcecode.swift; path = ComplaintVC.swift; sourceTree = "<group>"; };
		8779512426598805002860F9 /* NoticeCell.swift */ = {isa = PBXFileReference; lastKnownFileType = sourcecode.swift; path = NoticeCell.swift; sourceTree = "<group>"; };
		8779512526598805002860F9 /* NoticeCell.xib */ = {isa = PBXFileReference; lastKnownFileType = file.xib; path = NoticeCell.xib; sourceTree = "<group>"; };
		8779512826598817002860F9 /* ComplaintCell.swift */ = {isa = PBXFileReference; lastKnownFileType = sourcecode.swift; path = ComplaintCell.swift; sourceTree = "<group>"; };
		8779512926598817002860F9 /* ComplaintCell.xib */ = {isa = PBXFileReference; lastKnownFileType = file.xib; path = ComplaintCell.xib; sourceTree = "<group>"; };
		877F933226596BB100826C36 /* ForgotPasswordVC.swift */ = {isa = PBXFileReference; lastKnownFileType = sourcecode.swift; path = ForgotPasswordVC.swift; sourceTree = "<group>"; };
		877F933426596E3F00826C36 /* ChangePasswordVC.swift */ = {isa = PBXFileReference; lastKnownFileType = sourcecode.swift; path = ChangePasswordVC.swift; sourceTree = "<group>"; };
		877F933726596F2900826C36 /* Dashboard.storyboard */ = {isa = PBXFileReference; lastKnownFileType = file.storyboard; path = Dashboard.storyboard; sourceTree = "<group>"; };
		877F933926596F3A00826C36 /* DashboardVC.swift */ = {isa = PBXFileReference; lastKnownFileType = sourcecode.swift; path = DashboardVC.swift; sourceTree = "<group>"; };
		877F933B2659713800826C36 /* DashboardTabBarVC.swift */ = {isa = PBXFileReference; lastKnownFileType = sourcecode.swift; path = DashboardTabBarVC.swift; sourceTree = "<group>"; };
		877F933D265972EB00826C36 /* PagingCollectionViewLayout.swift */ = {isa = PBXFileReference; lastKnownFileType = sourcecode.swift; path = PagingCollectionViewLayout.swift; sourceTree = "<group>"; };
		877F93402659757F00826C36 /* NoticeBoardCell.swift */ = {isa = PBXFileReference; lastKnownFileType = sourcecode.swift; path = NoticeBoardCell.swift; sourceTree = "<group>"; };
		877F93412659757F00826C36 /* NoticeBoardCell.xib */ = {isa = PBXFileReference; lastKnownFileType = file.xib; path = NoticeBoardCell.xib; sourceTree = "<group>"; };
		877F934426597C8F00826C36 /* OperationCell.swift */ = {isa = PBXFileReference; lastKnownFileType = sourcecode.swift; path = OperationCell.swift; sourceTree = "<group>"; };
		877F934526597C8F00826C36 /* OperationCell.xib */ = {isa = PBXFileReference; lastKnownFileType = file.xib; path = OperationCell.xib; sourceTree = "<group>"; };
		8781D022265FC00900682C10 /* MiniStatementVC.swift */ = {isa = PBXFileReference; lastKnownFileType = sourcecode.swift; path = MiniStatementVC.swift; sourceTree = "<group>"; };
		8781D024265FC02400682C10 /* MiniStatementHeaderCell.swift */ = {isa = PBXFileReference; lastKnownFileType = sourcecode.swift; path = MiniStatementHeaderCell.swift; sourceTree = "<group>"; };
		8781D025265FC02400682C10 /* MiniStatementHeaderCell.xib */ = {isa = PBXFileReference; lastKnownFileType = file.xib; path = MiniStatementHeaderCell.xib; sourceTree = "<group>"; };
		8781D028265FC03500682C10 /* MiniStatementCell.swift */ = {isa = PBXFileReference; lastKnownFileType = sourcecode.swift; path = MiniStatementCell.swift; sourceTree = "<group>"; };
		8781D029265FC03500682C10 /* MiniStatementCell.xib */ = {isa = PBXFileReference; lastKnownFileType = file.xib; path = MiniStatementCell.xib; sourceTree = "<group>"; };
		8781D02C265FC63800682C10 /* MiniStatementModel.swift */ = {isa = PBXFileReference; lastKnownFileType = sourcecode.swift; path = MiniStatementModel.swift; sourceTree = "<group>"; };
		8793C60D265E7FDF002ABCFB /* Date+Extension.swift */ = {isa = PBXFileReference; lastKnownFileType = sourcecode.swift; path = "Date+Extension.swift"; sourceTree = "<group>"; };
		87971154266234A8004A933A /* ProfileVC.swift */ = {isa = PBXFileReference; lastKnownFileType = sourcecode.swift; path = ProfileVC.swift; sourceTree = "<group>"; };
		8797115626624535004A933A /* WebViewVC.swift */ = {isa = PBXFileReference; lastKnownFileType = sourcecode.swift; path = WebViewVC.swift; sourceTree = "<group>"; };
		87A7EE652657847000562DF8 /* Constants+Identifiers.swift */ = {isa = PBXFileReference; lastKnownFileType = sourcecode.swift; path = "Constants+Identifiers.swift"; sourceTree = "<group>"; };
		87A7EE67265784C100562DF8 /* StartAppPagerCell.swift */ = {isa = PBXFileReference; lastKnownFileType = sourcecode.swift; path = StartAppPagerCell.swift; sourceTree = "<group>"; };
		87A7EE68265784C100562DF8 /* StartAppPagerCell.xib */ = {isa = PBXFileReference; lastKnownFileType = file.xib; path = StartAppPagerCell.xib; sourceTree = "<group>"; };
		87A7EE6C265785AB00562DF8 /* UIView+Extension.swift */ = {isa = PBXFileReference; lastKnownFileType = sourcecode.swift; path = "UIView+Extension.swift"; sourceTree = "<group>"; };
		87A7EE6E265785BE00562DF8 /* StaticModels.swift */ = {isa = PBXFileReference; lastKnownFileType = sourcecode.swift; path = StaticModels.swift; sourceTree = "<group>"; };
		87A7EE702657871300562DF8 /* Constants+Localization.swift */ = {isa = PBXFileReference; lastKnownFileType = sourcecode.swift; path = "Constants+Localization.swift"; sourceTree = "<group>"; };
		87A7EE74265789FB00562DF8 /* Constants+Images.swift */ = {isa = PBXFileReference; lastKnownFileType = sourcecode.swift; path = "Constants+Images.swift"; sourceTree = "<group>"; };
		87A7EE78265793C500562DF8 /* LoginVC.swift */ = {isa = PBXFileReference; lastKnownFileType = sourcecode.swift; path = LoginVC.swift; sourceTree = "<group>"; };
		87A7EE7A265793D600562DF8 /* Login.storyboard */ = {isa = PBXFileReference; lastKnownFileType = file.storyboard; path = Login.storyboard; sourceTree = "<group>"; };
		87A7EE7C2657954600562DF8 /* UIStoryboard+Extensions.swift */ = {isa = PBXFileReference; lastKnownFileType = sourcecode.swift; path = "UIStoryboard+Extensions.swift"; sourceTree = "<group>"; };
		87A7EE7F265795AC00562DF8 /* Declaration.swift */ = {isa = PBXFileReference; lastKnownFileType = sourcecode.swift; path = Declaration.swift; sourceTree = "<group>"; };
		87A7EE812657960300562DF8 /* BaseViewController.swift */ = {isa = PBXFileReference; lastKnownFileType = sourcecode.swift; path = BaseViewController.swift; sourceTree = "<group>"; };
		87D3F8D8265A4E6C00064F19 /* PayNowVC.swift */ = {isa = PBXFileReference; lastKnownFileType = sourcecode.swift; path = PayNowVC.swift; sourceTree = "<group>"; };
		87D71723265E197F00CB774D /* LoginModel.swift */ = {isa = PBXFileReference; lastKnownFileType = sourcecode.swift; path = LoginModel.swift; sourceTree = "<group>"; };
		87D71725265E240600CB774D /* UIImage+Extension.swift */ = {isa = PBXFileReference; lastKnownFileType = sourcecode.swift; path = "UIImage+Extension.swift"; sourceTree = "<group>"; };
		87D71727265E2E2900CB774D /* PasswordModel.swift */ = {isa = PBXFileReference; lastKnownFileType = sourcecode.swift; path = PasswordModel.swift; sourceTree = "<group>"; };
		87D71729265E342400CB774D /* UserModel.swift */ = {isa = PBXFileReference; lastKnownFileType = sourcecode.swift; path = UserModel.swift; sourceTree = "<group>"; };
		87D7172B265E516400CB774D /* SignatoryModel.swift */ = {isa = PBXFileReference; lastKnownFileType = sourcecode.swift; path = SignatoryModel.swift; sourceTree = "<group>"; };
		87D7172D265E5A7A00CB774D /* NoticeModel.swift */ = {isa = PBXFileReference; lastKnownFileType = sourcecode.swift; path = NoticeModel.swift; sourceTree = "<group>"; };
		87DE5CAE2654F720002FAF59 /* My Society Hub.app */ = {isa = PBXFileReference; explicitFileType = wrapper.application; includeInIndex = 0; path = "My Society Hub.app"; sourceTree = BUILT_PRODUCTS_DIR; };
		87DE5CB12654F720002FAF59 /* AppDelegate.swift */ = {isa = PBXFileReference; lastKnownFileType = sourcecode.swift; path = AppDelegate.swift; sourceTree = "<group>"; };
		87DE5CB32654F720002FAF59 /* SceneDelegate.swift */ = {isa = PBXFileReference; lastKnownFileType = sourcecode.swift; path = SceneDelegate.swift; sourceTree = "<group>"; };
		87DE5CB52654F720002FAF59 /* StartAppPagerVC.swift */ = {isa = PBXFileReference; lastKnownFileType = sourcecode.swift; path = StartAppPagerVC.swift; sourceTree = "<group>"; };
		87DE5CB82654F720002FAF59 /* Base */ = {isa = PBXFileReference; lastKnownFileType = file.storyboard; name = Base; path = Base.lproj/Main.storyboard; sourceTree = "<group>"; };
		87DE5CBA2654F721002FAF59 /* Assets.xcassets */ = {isa = PBXFileReference; lastKnownFileType = folder.assetcatalog; path = Assets.xcassets; sourceTree = "<group>"; };
		87DE5CBD2654F721002FAF59 /* Base */ = {isa = PBXFileReference; lastKnownFileType = file.storyboard; name = Base; path = Base.lproj/LaunchScreen.storyboard; sourceTree = "<group>"; };
		87DE5CBF2654F721002FAF59 /* Info.plist */ = {isa = PBXFileReference; lastKnownFileType = text.plist.xml; path = Info.plist; sourceTree = "<group>"; };
		87DE5CC42654F721002FAF59 /* My Society HubTests.xctest */ = {isa = PBXFileReference; explicitFileType = wrapper.cfbundle; includeInIndex = 0; path = "My Society HubTests.xctest"; sourceTree = BUILT_PRODUCTS_DIR; };
		87DE5CC82654F721002FAF59 /* My_Society_HubTests.swift */ = {isa = PBXFileReference; lastKnownFileType = sourcecode.swift; path = My_Society_HubTests.swift; sourceTree = "<group>"; };
		87DE5CCA2654F721002FAF59 /* Info.plist */ = {isa = PBXFileReference; lastKnownFileType = text.plist.xml; path = Info.plist; sourceTree = "<group>"; };
		87DE5CCF2654F721002FAF59 /* My Society HubUITests.xctest */ = {isa = PBXFileReference; explicitFileType = wrapper.cfbundle; includeInIndex = 0; path = "My Society HubUITests.xctest"; sourceTree = BUILT_PRODUCTS_DIR; };
		87DE5CD32654F721002FAF59 /* My_Society_HubUITests.swift */ = {isa = PBXFileReference; lastKnownFileType = sourcecode.swift; path = My_Society_HubUITests.swift; sourceTree = "<group>"; };
		87DE5CD52654F721002FAF59 /* Info.plist */ = {isa = PBXFileReference; lastKnownFileType = text.plist.xml; path = Info.plist; sourceTree = "<group>"; };
		87DE5CEF2655002A002FAF59 /* Localizable.strings */ = {isa = PBXFileReference; lastKnownFileType = text.plist.strings; path = Localizable.strings; sourceTree = "<group>"; };
		87DE5CF2265501CA002FAF59 /* String+Extension.swift */ = {isa = PBXFileReference; lastKnownFileType = sourcecode.swift; path = "String+Extension.swift"; sourceTree = "<group>"; };
		87DE5CF4265501D7002FAF59 /* UIColor+Extension.swift */ = {isa = PBXFileReference; lastKnownFileType = sourcecode.swift; path = "UIColor+Extension.swift"; sourceTree = "<group>"; };
		87EB63A1265D07F300C34A1E /* ApiManager.swift */ = {isa = PBXFileReference; lastKnownFileType = sourcecode.swift; path = ApiManager.swift; sourceTree = "<group>"; };
		87EB63A3265D084700C34A1E /* Constants+UserDefaults.swift */ = {isa = PBXFileReference; lastKnownFileType = sourcecode.swift; path = "Constants+UserDefaults.swift"; sourceTree = "<group>"; };
		87EB63A5265D0A6700C34A1E /* ApiHandler.swift */ = {isa = PBXFileReference; lastKnownFileType = sourcecode.swift; path = ApiHandler.swift; sourceTree = "<group>"; };
		8EFA402BEACB6C40E538CF9C /* Pods-My Society Hub.debug.xcconfig */ = {isa = PBXFileReference; includeInIndex = 1; lastKnownFileType = text.xcconfig; name = "Pods-My Society Hub.debug.xcconfig"; path = "Target Support Files/Pods-My Society Hub/Pods-My Society Hub.debug.xcconfig"; sourceTree = "<group>"; };
		BC16354DB664F0053B613008 /* Pods-My Society Hub-My Society HubUITests.release.xcconfig */ = {isa = PBXFileReference; includeInIndex = 1; lastKnownFileType = text.xcconfig; name = "Pods-My Society Hub-My Society HubUITests.release.xcconfig"; path = "Target Support Files/Pods-My Society Hub-My Society HubUITests/Pods-My Society Hub-My Society HubUITests.release.xcconfig"; sourceTree = "<group>"; };
		BC571713AB2D1BB226754DE3 /* Pods-My Society HubTests.release.xcconfig */ = {isa = PBXFileReference; includeInIndex = 1; lastKnownFileType = text.xcconfig; name = "Pods-My Society HubTests.release.xcconfig"; path = "Target Support Files/Pods-My Society HubTests/Pods-My Society HubTests.release.xcconfig"; sourceTree = "<group>"; };
		CC264D9C0ECBF6D1BD21C80A /* Pods_My_Society_Hub_My_Society_HubUITests.framework */ = {isa = PBXFileReference; explicitFileType = wrapper.framework; includeInIndex = 0; path = Pods_My_Society_Hub_My_Society_HubUITests.framework; sourceTree = BUILT_PRODUCTS_DIR; };
		D7C9DE353D6A7DFE635B2975 /* Pods-My Society Hub.release.xcconfig */ = {isa = PBXFileReference; includeInIndex = 1; lastKnownFileType = text.xcconfig; name = "Pods-My Society Hub.release.xcconfig"; path = "Target Support Files/Pods-My Society Hub/Pods-My Society Hub.release.xcconfig"; sourceTree = "<group>"; };
		DC7DABD15B477E43A277D72A /* Pods_My_Society_HubTests.framework */ = {isa = PBXFileReference; explicitFileType = wrapper.framework; includeInIndex = 0; path = Pods_My_Society_HubTests.framework; sourceTree = BUILT_PRODUCTS_DIR; };
/* End PBXFileReference section */

/* Begin PBXFrameworksBuildPhase section */
		87DE5CAB2654F720002FAF59 /* Frameworks */ = {
			isa = PBXFrameworksBuildPhase;
			buildActionMask = 2147483647;
			files = (
				5F76E99A0C747C69AEB07B47 /* Pods_My_Society_Hub.framework in Frameworks */,
			);
			runOnlyForDeploymentPostprocessing = 0;
		};
		87DE5CC12654F721002FAF59 /* Frameworks */ = {
			isa = PBXFrameworksBuildPhase;
			buildActionMask = 2147483647;
			files = (
				298A876DDCBB2D3940D75230 /* Pods_My_Society_HubTests.framework in Frameworks */,
			);
			runOnlyForDeploymentPostprocessing = 0;
		};
		87DE5CCC2654F721002FAF59 /* Frameworks */ = {
			isa = PBXFrameworksBuildPhase;
			buildActionMask = 2147483647;
			files = (
				B9ABED79F125B23D6A50B7C5 /* Pods_My_Society_Hub_My_Society_HubUITests.framework in Frameworks */,
			);
			runOnlyForDeploymentPostprocessing = 0;
		};
/* End PBXFrameworksBuildPhase section */

/* Begin PBXGroup section */
		3C094B55F18ECB17693FCCE0 /* Pods */ = {
			isa = PBXGroup;
			children = (
				8EFA402BEACB6C40E538CF9C /* Pods-My Society Hub.debug.xcconfig */,
				D7C9DE353D6A7DFE635B2975 /* Pods-My Society Hub.release.xcconfig */,
				0FD5CEB79FADC0A5A51FA144 /* Pods-My Society Hub-My Society HubUITests.debug.xcconfig */,
				BC16354DB664F0053B613008 /* Pods-My Society Hub-My Society HubUITests.release.xcconfig */,
				866520D75F47A3D34D7BDACC /* Pods-My Society HubTests.debug.xcconfig */,
				BC571713AB2D1BB226754DE3 /* Pods-My Society HubTests.release.xcconfig */,
			);
			path = Pods;
			sourceTree = "<group>";
		};
		870655D4265A8CEE00BF9904 /* App */ = {
			isa = PBXGroup;
			children = (
				87DE5CB12654F720002FAF59 /* AppDelegate.swift */,
				87DE5CB32654F720002FAF59 /* SceneDelegate.swift */,
			);
			path = App;
			sourceTree = "<group>";
		};
		870655D5265A8D0000BF9904 /* Splash */ = {
			isa = PBXGroup;
			children = (
				87DE5CBC2654F721002FAF59 /* LaunchScreen.storyboard */,
			);
			path = Splash;
			sourceTree = "<group>";
		};
		8724FE0F265A683E0032BB07 /* Cell */ = {
			isa = PBXGroup;
			children = (
				8724FE10265A68520032BB07 /* MyAccountCell.swift */,
				8724FE11265A68520032BB07 /* MyAccountCell.xib */,
				8724FE16265A6A7D0032BB07 /* BillSlabCell.swift */,
				8724FE17265A6A7D0032BB07 /* BillSlabCell.xib */,
				8724FE1A265A6D8D0032BB07 /* SignatoryDetailsCell.swift */,
				8724FE1B265A6D8D0032BB07 /* SignatoryDetailsCell.xib */,
				8781D024265FC02400682C10 /* MiniStatementHeaderCell.swift */,
				8781D025265FC02400682C10 /* MiniStatementHeaderCell.xib */,
				8781D028265FC03500682C10 /* MiniStatementCell.swift */,
				8781D029265FC03500682C10 /* MiniStatementCell.xib */,
			);
			path = Cell;
			sourceTree = "<group>";
		};
		8779511726598494002860F9 /* UserAccount */ = {
			isa = PBXGroup;
			children = (
				8724FE0F265A683E0032BB07 /* Cell */,
				87795118265984AE002860F9 /* UserAccount.storyboard */,
				8779511A265984D1002860F9 /* MyAccountVC.swift */,
				8724FE14265A6A670032BB07 /* BillSlabVC.swift */,
				87272845265A6F670096499F /* SignatoryDetailsVC.swift */,
				8781D022265FC00900682C10 /* MiniStatementVC.swift */,
			);
			path = UserAccount;
			sourceTree = "<group>";
		};
		8779511C265984E7002860F9 /* NoticeComplaint */ = {
			isa = PBXGroup;
			children = (
				87795123265987F1002860F9 /* Cell */,
				8779511F26598521002860F9 /* NoticeComplaint.storyboard */,
				8779511D26598505002860F9 /* NoticeVC.swift */,
				877951212659853F002860F9 /* ComplaintVC.swift */,
				87272855265A78840096499F /* NoticeDetailsVC.swift */,
				87272857265A78940096499F /* ComplaintDetailsVC.swift */,
				870655D0265A858800BF9904 /* NewNoticeVC.swift */,
				870655D2265A859700BF9904 /* NewComplaintVC.swift */,
			);
			path = NoticeComplaint;
			sourceTree = "<group>";
		};
		87795123265987F1002860F9 /* Cell */ = {
			isa = PBXGroup;
			children = (
				8779512426598805002860F9 /* NoticeCell.swift */,
				8779512526598805002860F9 /* NoticeCell.xib */,
				8779512826598817002860F9 /* ComplaintCell.swift */,
				8779512926598817002860F9 /* ComplaintCell.xib */,
			);
			path = Cell;
			sourceTree = "<group>";
		};
		877F933626596F1900826C36 /* Dashboard */ = {
			isa = PBXGroup;
			children = (
				877F933F2659756500826C36 /* Cell */,
				877F933726596F2900826C36 /* Dashboard.storyboard */,
				877F933926596F3A00826C36 /* DashboardVC.swift */,
				877F933B2659713800826C36 /* DashboardTabBarVC.swift */,
				87D3F8D8265A4E6C00064F19 /* PayNowVC.swift */,
				87272847265A71260096499F /* EmergencyVC.swift */,
				8727284F265A73B40096499F /* EmergencyNumbersVC.swift */,
				87971154266234A8004A933A /* ProfileVC.swift */,
				8797115626624535004A933A /* WebViewVC.swift */,
			);
			path = Dashboard;
			sourceTree = "<group>";
		};
		877F933F2659756500826C36 /* Cell */ = {
			isa = PBXGroup;
			children = (
				877F93402659757F00826C36 /* NoticeBoardCell.swift */,
				877F93412659757F00826C36 /* NoticeBoardCell.xib */,
				877F934426597C8F00826C36 /* OperationCell.swift */,
				877F934526597C8F00826C36 /* OperationCell.xib */,
				8779511326597EBA002860F9 /* ImageCollectionCell.swift */,
				8779511426597EBA002860F9 /* ImageCollectionCell.xib */,
				87272849265A71380096499F /* EmergencyCell.swift */,
				8727284A265A71380096499F /* EmergencyCell.xib */,
				87272851265A74F20096499F /* EmergencyNumbersCell.swift */,
				87272852265A74F20096499F /* EmergencyNumbersCell.xib */,
				8714B42A26611BA4007D38AB /* NoticeBoardPaymentCell.swift */,
				8714B42B26611BA4007D38AB /* NoticeBoardPaymentCell.xib */,
			);
			path = Cell;
			sourceTree = "<group>";
		};
		87A7EE642657845C00562DF8 /* Utils */ = {
			isa = PBXGroup;
			children = (
				87A7EE652657847000562DF8 /* Constants+Identifiers.swift */,
				87A7EE702657871300562DF8 /* Constants+Localization.swift */,
				87A7EE74265789FB00562DF8 /* Constants+Images.swift */,
				87EB63A3265D084700C34A1E /* Constants+UserDefaults.swift */,
				8765364E265FABC90049C766 /* ImageFilePicker.swift */,
			);
			path = Utils;
			sourceTree = "<group>";
		};
		87A7EE6B265784E400562DF8 /* Models */ = {
			isa = PBXGroup;
			children = (
				87A7EE6E265785BE00562DF8 /* StaticModels.swift */,
				87D71723265E197F00CB774D /* LoginModel.swift */,
				87D71727265E2E2900CB774D /* PasswordModel.swift */,
				87D71729265E342400CB774D /* UserModel.swift */,
				87D7172B265E516400CB774D /* SignatoryModel.swift */,
				87D7172D265E5A7A00CB774D /* NoticeModel.swift */,
				8781D02C265FC63800682C10 /* MiniStatementModel.swift */,
			);
			path = Models;
			sourceTree = "<group>";
		};
		87A7EE722657883F00562DF8 /* Assets */ = {
			isa = PBXGroup;
			children = (
				87DE5CBA2654F721002FAF59 /* Assets.xcassets */,
			);
			path = Assets;
			sourceTree = "<group>";
		};
		87A7EE732657884400562DF8 /* Localization */ = {
			isa = PBXGroup;
			children = (
				87DE5CEF2655002A002FAF59 /* Localizable.strings */,
			);
			path = Localization;
			sourceTree = "<group>";
		};
		87A7EE762657939500562DF8 /* Modules */ = {
			isa = PBXGroup;
			children = (
				870655D5265A8D0000BF9904 /* Splash */,
				8779511C265984E7002860F9 /* NoticeComplaint */,
				8779511726598494002860F9 /* UserAccount */,
				877F933626596F1900826C36 /* Dashboard */,
				87A7EE77265793AC00562DF8 /* Login */,
				87DE5CE72654FE52002FAF59 /* StartAppPagerScreen */,
			);
			path = Modules;
			sourceTree = "<group>";
		};
		87A7EE77265793AC00562DF8 /* Login */ = {
			isa = PBXGroup;
			children = (
				87A7EE78265793C500562DF8 /* LoginVC.swift */,
				87A7EE7A265793D600562DF8 /* Login.storyboard */,
				877F933226596BB100826C36 /* ForgotPasswordVC.swift */,
				877F933426596E3F00826C36 /* ChangePasswordVC.swift */,
			);
			path = Login;
			sourceTree = "<group>";
		};
		87A7EE7E2657959F00562DF8 /* HelperClass */ = {
			isa = PBXGroup;
			children = (
				87A7EE7F265795AC00562DF8 /* Declaration.swift */,
				877F933D265972EB00826C36 /* PagingCollectionViewLayout.swift */,
				8727284D265A73490096499F /* GlobalHelper.swift */,
				87A7EE812657960300562DF8 /* BaseViewController.swift */,
			);
			path = HelperClass;
			sourceTree = "<group>";
		};
		87DE5CA52654F720002FAF59 = {
			isa = PBXGroup;
			children = (
				87DE5CB02654F720002FAF59 /* My Society Hub */,
				87DE5CC72654F721002FAF59 /* My Society HubTests */,
				87DE5CD22654F721002FAF59 /* My Society HubUITests */,
				87DE5CAF2654F720002FAF59 /* Products */,
				3C094B55F18ECB17693FCCE0 /* Pods */,
				9199C04F7F3C1C58612A60A0 /* Frameworks */,
			);
			sourceTree = "<group>";
		};
		87DE5CAF2654F720002FAF59 /* Products */ = {
			isa = PBXGroup;
			children = (
				87DE5CAE2654F720002FAF59 /* My Society Hub.app */,
				87DE5CC42654F721002FAF59 /* My Society HubTests.xctest */,
				87DE5CCF2654F721002FAF59 /* My Society HubUITests.xctest */,
			);
			name = Products;
			sourceTree = "<group>";
		};
		87DE5CB02654F720002FAF59 /* My Society Hub */ = {
			isa = PBXGroup;
			children = (
				87EB63A0265D07B300C34A1E /* NetworkLayer */,
				870655D4265A8CEE00BF9904 /* App */,
				87A7EE7E2657959F00562DF8 /* HelperClass */,
				87A7EE762657939500562DF8 /* Modules */,
				87A7EE6B265784E400562DF8 /* Models */,
				87A7EE642657845C00562DF8 /* Utils */,
				87DE5CF1265501B3002FAF59 /* Extensions */,
				87DE5CE12654F852002FAF59 /* Resources */,
				87DE5CBF2654F721002FAF59 /* Info.plist */,
			);
			path = "My Society Hub";
			sourceTree = "<group>";
		};
		87DE5CC72654F721002FAF59 /* My Society HubTests */ = {
			isa = PBXGroup;
			children = (
				87DE5CC82654F721002FAF59 /* My_Society_HubTests.swift */,
				87DE5CCA2654F721002FAF59 /* Info.plist */,
			);
			path = "My Society HubTests";
			sourceTree = "<group>";
		};
		87DE5CD22654F721002FAF59 /* My Society HubUITests */ = {
			isa = PBXGroup;
			children = (
				87DE5CD32654F721002FAF59 /* My_Society_HubUITests.swift */,
				87DE5CD52654F721002FAF59 /* Info.plist */,
			);
			path = "My Society HubUITests";
			sourceTree = "<group>";
		};
		87DE5CE12654F852002FAF59 /* Resources */ = {
			isa = PBXGroup;
			children = (
				87A7EE732657884400562DF8 /* Localization */,
				87A7EE722657883F00562DF8 /* Assets */,
			);
			path = Resources;
			sourceTree = "<group>";
		};
		87DE5CE72654FE52002FAF59 /* StartAppPagerScreen */ = {
			isa = PBXGroup;
			children = (
				87DE5CE82654FEEF002FAF59 /* PagerViewCell */,
				87DE5CB72654F720002FAF59 /* Main.storyboard */,
				87DE5CB52654F720002FAF59 /* StartAppPagerVC.swift */,
			);
			path = StartAppPagerScreen;
			sourceTree = "<group>";
		};
		87DE5CE82654FEEF002FAF59 /* PagerViewCell */ = {
			isa = PBXGroup;
			children = (
				87A7EE67265784C100562DF8 /* StartAppPagerCell.swift */,
				87A7EE68265784C100562DF8 /* StartAppPagerCell.xib */,
			);
			path = PagerViewCell;
			sourceTree = "<group>";
		};
		87DE5CF1265501B3002FAF59 /* Extensions */ = {
			isa = PBXGroup;
			children = (
				87DE5CF2265501CA002FAF59 /* String+Extension.swift */,
				87DE5CF4265501D7002FAF59 /* UIColor+Extension.swift */,
				87A7EE6C265785AB00562DF8 /* UIView+Extension.swift */,
				87A7EE7C2657954600562DF8 /* UIStoryboard+Extensions.swift */,
				87D71725265E240600CB774D /* UIImage+Extension.swift */,
				8793C60D265E7FDF002ABCFB /* Date+Extension.swift */,
				876246C6265EA4F1009493E3 /* UITextView+Extension.swift */,
			);
			path = Extensions;
			sourceTree = "<group>";
		};
		87EB63A0265D07B300C34A1E /* NetworkLayer */ = {
			isa = PBXGroup;
			children = (
				87EB63A1265D07F300C34A1E /* ApiManager.swift */,
				87EB63A5265D0A6700C34A1E /* ApiHandler.swift */,
			);
			path = NetworkLayer;
			sourceTree = "<group>";
		};
		9199C04F7F3C1C58612A60A0 /* Frameworks */ = {
			isa = PBXGroup;
			children = (
				0D4B66330EEB1006128343FE /* Pods_My_Society_Hub.framework */,
				CC264D9C0ECBF6D1BD21C80A /* Pods_My_Society_Hub_My_Society_HubUITests.framework */,
				DC7DABD15B477E43A277D72A /* Pods_My_Society_HubTests.framework */,
			);
			name = Frameworks;
			sourceTree = "<group>";
		};
/* End PBXGroup section */

/* Begin PBXNativeTarget section */
		87DE5CAD2654F720002FAF59 /* My Society Hub */ = {
			isa = PBXNativeTarget;
			buildConfigurationList = 87DE5CD82654F721002FAF59 /* Build configuration list for PBXNativeTarget "My Society Hub" */;
			buildPhases = (
				09ADDEDE941367C0C7F568D3 /* [CP] Check Pods Manifest.lock */,
				87DE5CAA2654F720002FAF59 /* Sources */,
				87DE5CAB2654F720002FAF59 /* Frameworks */,
				87DE5CAC2654F720002FAF59 /* Resources */,
				3730BF7DE0BBFF6B6266F076 /* [CP] Embed Pods Frameworks */,
			);
			buildRules = (
			);
			dependencies = (
			);
			name = "My Society Hub";
			productName = "My Society Hub";
			productReference = 87DE5CAE2654F720002FAF59 /* My Society Hub.app */;
			productType = "com.apple.product-type.application";
		};
		87DE5CC32654F721002FAF59 /* My Society HubTests */ = {
			isa = PBXNativeTarget;
			buildConfigurationList = 87DE5CDB2654F721002FAF59 /* Build configuration list for PBXNativeTarget "My Society HubTests" */;
			buildPhases = (
				9F2E837205D989ED645C8CB0 /* [CP] Check Pods Manifest.lock */,
				87DE5CC02654F721002FAF59 /* Sources */,
				87DE5CC12654F721002FAF59 /* Frameworks */,
				87DE5CC22654F721002FAF59 /* Resources */,
			);
			buildRules = (
			);
			dependencies = (
				87DE5CC62654F721002FAF59 /* PBXTargetDependency */,
			);
			name = "My Society HubTests";
			productName = "My Society HubTests";
			productReference = 87DE5CC42654F721002FAF59 /* My Society HubTests.xctest */;
			productType = "com.apple.product-type.bundle.unit-test";
		};
		87DE5CCE2654F721002FAF59 /* My Society HubUITests */ = {
			isa = PBXNativeTarget;
			buildConfigurationList = 87DE5CDE2654F721002FAF59 /* Build configuration list for PBXNativeTarget "My Society HubUITests" */;
			buildPhases = (
				CBAF963D8787C2D4AA5E15B6 /* [CP] Check Pods Manifest.lock */,
				87DE5CCB2654F721002FAF59 /* Sources */,
				87DE5CCC2654F721002FAF59 /* Frameworks */,
				87DE5CCD2654F721002FAF59 /* Resources */,
				E1390D9B38A445AC8F797203 /* [CP] Embed Pods Frameworks */,
			);
			buildRules = (
			);
			dependencies = (
				87DE5CD12654F721002FAF59 /* PBXTargetDependency */,
			);
			name = "My Society HubUITests";
			productName = "My Society HubUITests";
			productReference = 87DE5CCF2654F721002FAF59 /* My Society HubUITests.xctest */;
			productType = "com.apple.product-type.bundle.ui-testing";
		};
/* End PBXNativeTarget section */

/* Begin PBXProject section */
		87DE5CA62654F720002FAF59 /* Project object */ = {
			isa = PBXProject;
			attributes = {
				LastSwiftUpdateCheck = 1250;
				LastUpgradeCheck = 1250;
				TargetAttributes = {
					87DE5CAD2654F720002FAF59 = {
						CreatedOnToolsVersion = 12.5;
					};
					87DE5CC32654F721002FAF59 = {
						CreatedOnToolsVersion = 12.5;
						TestTargetID = 87DE5CAD2654F720002FAF59;
					};
					87DE5CCE2654F721002FAF59 = {
						CreatedOnToolsVersion = 12.5;
						TestTargetID = 87DE5CAD2654F720002FAF59;
					};
				};
			};
			buildConfigurationList = 87DE5CA92654F720002FAF59 /* Build configuration list for PBXProject "My Society Hub" */;
			compatibilityVersion = "Xcode 9.3";
			developmentRegion = en;
			hasScannedForEncodings = 0;
			knownRegions = (
				en,
				Base,
			);
			mainGroup = 87DE5CA52654F720002FAF59;
			productRefGroup = 87DE5CAF2654F720002FAF59 /* Products */;
			projectDirPath = "";
			projectRoot = "";
			targets = (
				87DE5CAD2654F720002FAF59 /* My Society Hub */,
				87DE5CC32654F721002FAF59 /* My Society HubTests */,
				87DE5CCE2654F721002FAF59 /* My Society HubUITests */,
			);
		};
/* End PBXProject section */

/* Begin PBXResourcesBuildPhase section */
		87DE5CAC2654F720002FAF59 /* Resources */ = {
			isa = PBXResourcesBuildPhase;
			buildActionMask = 2147483647;
			files = (
				87DE5CF02655002A002FAF59 /* Localizable.strings in Resources */,
				87A7EE6A265784C100562DF8 /* StartAppPagerCell.xib in Resources */,
				87A7EE7B265793D600562DF8 /* Login.storyboard in Resources */,
				8781D027265FC02400682C10 /* MiniStatementHeaderCell.xib in Resources */,
				87795119265984AE002860F9 /* UserAccount.storyboard in Resources */,
				87DE5CBE2654F721002FAF59 /* LaunchScreen.storyboard in Resources */,
				8781D02B265FC03500682C10 /* MiniStatementCell.xib in Resources */,
				8724FE1D265A6D8D0032BB07 /* SignatoryDetailsCell.xib in Resources */,
				87272854265A74F20096499F /* EmergencyNumbersCell.xib in Resources */,
				8779512B26598817002860F9 /* ComplaintCell.xib in Resources */,
				8724FE19265A6A7D0032BB07 /* BillSlabCell.xib in Resources */,
				87DE5CBB2654F721002FAF59 /* Assets.xcassets in Resources */,
				8779512026598521002860F9 /* NoticeComplaint.storyboard in Resources */,
				8724FE13265A68520032BB07 /* MyAccountCell.xib in Resources */,
				8727284C265A71380096499F /* EmergencyCell.xib in Resources */,
				8714B42D26611BA4007D38AB /* NoticeBoardPaymentCell.xib in Resources */,
				877F934726597C8F00826C36 /* OperationCell.xib in Resources */,
				877F933826596F2900826C36 /* Dashboard.storyboard in Resources */,
				877F93432659757F00826C36 /* NoticeBoardCell.xib in Resources */,
				87DE5CB92654F720002FAF59 /* Main.storyboard in Resources */,
				8779511626597EBA002860F9 /* ImageCollectionCell.xib in Resources */,
				8779512726598805002860F9 /* NoticeCell.xib in Resources */,
			);
			runOnlyForDeploymentPostprocessing = 0;
		};
		87DE5CC22654F721002FAF59 /* Resources */ = {
			isa = PBXResourcesBuildPhase;
			buildActionMask = 2147483647;
			files = (
			);
			runOnlyForDeploymentPostprocessing = 0;
		};
		87DE5CCD2654F721002FAF59 /* Resources */ = {
			isa = PBXResourcesBuildPhase;
			buildActionMask = 2147483647;
			files = (
			);
			runOnlyForDeploymentPostprocessing = 0;
		};
/* End PBXResourcesBuildPhase section */

/* Begin PBXShellScriptBuildPhase section */
		09ADDEDE941367C0C7F568D3 /* [CP] Check Pods Manifest.lock */ = {
			isa = PBXShellScriptBuildPhase;
			buildActionMask = 2147483647;
			files = (
			);
			inputFileListPaths = (
			);
			inputPaths = (
				"${PODS_PODFILE_DIR_PATH}/Podfile.lock",
				"${PODS_ROOT}/Manifest.lock",
			);
			name = "[CP] Check Pods Manifest.lock";
			outputFileListPaths = (
			);
			outputPaths = (
				"$(DERIVED_FILE_DIR)/Pods-My Society Hub-checkManifestLockResult.txt",
			);
			runOnlyForDeploymentPostprocessing = 0;
			shellPath = /bin/sh;
			shellScript = "diff \"${PODS_PODFILE_DIR_PATH}/Podfile.lock\" \"${PODS_ROOT}/Manifest.lock\" > /dev/null\nif [ $? != 0 ] ; then\n    # print error to STDERR\n    echo \"error: The sandbox is not in sync with the Podfile.lock. Run 'pod install' or update your CocoaPods installation.\" >&2\n    exit 1\nfi\n# This output is used by Xcode 'outputs' to avoid re-running this script phase.\necho \"SUCCESS\" > \"${SCRIPT_OUTPUT_FILE_0}\"\n";
			showEnvVarsInLog = 0;
		};
		3730BF7DE0BBFF6B6266F076 /* [CP] Embed Pods Frameworks */ = {
			isa = PBXShellScriptBuildPhase;
			buildActionMask = 2147483647;
			files = (
			);
			inputFileListPaths = (
				"${PODS_ROOT}/Target Support Files/Pods-My Society Hub/Pods-My Society Hub-frameworks-${CONFIGURATION}-input-files.xcfilelist",
			);
			name = "[CP] Embed Pods Frameworks";
			outputFileListPaths = (
				"${PODS_ROOT}/Target Support Files/Pods-My Society Hub/Pods-My Society Hub-frameworks-${CONFIGURATION}-output-files.xcfilelist",
			);
			runOnlyForDeploymentPostprocessing = 0;
			shellPath = /bin/sh;
			shellScript = "\"${PODS_ROOT}/Target Support Files/Pods-My Society Hub/Pods-My Society Hub-frameworks.sh\"\n";
			showEnvVarsInLog = 0;
		};
		9F2E837205D989ED645C8CB0 /* [CP] Check Pods Manifest.lock */ = {
			isa = PBXShellScriptBuildPhase;
			buildActionMask = 2147483647;
			files = (
			);
			inputFileListPaths = (
			);
			inputPaths = (
				"${PODS_PODFILE_DIR_PATH}/Podfile.lock",
				"${PODS_ROOT}/Manifest.lock",
			);
			name = "[CP] Check Pods Manifest.lock";
			outputFileListPaths = (
			);
			outputPaths = (
				"$(DERIVED_FILE_DIR)/Pods-My Society HubTests-checkManifestLockResult.txt",
			);
			runOnlyForDeploymentPostprocessing = 0;
			shellPath = /bin/sh;
			shellScript = "diff \"${PODS_PODFILE_DIR_PATH}/Podfile.lock\" \"${PODS_ROOT}/Manifest.lock\" > /dev/null\nif [ $? != 0 ] ; then\n    # print error to STDERR\n    echo \"error: The sandbox is not in sync with the Podfile.lock. Run 'pod install' or update your CocoaPods installation.\" >&2\n    exit 1\nfi\n# This output is used by Xcode 'outputs' to avoid re-running this script phase.\necho \"SUCCESS\" > \"${SCRIPT_OUTPUT_FILE_0}\"\n";
			showEnvVarsInLog = 0;
		};
		CBAF963D8787C2D4AA5E15B6 /* [CP] Check Pods Manifest.lock */ = {
			isa = PBXShellScriptBuildPhase;
			buildActionMask = 2147483647;
			files = (
			);
			inputFileListPaths = (
			);
			inputPaths = (
				"${PODS_PODFILE_DIR_PATH}/Podfile.lock",
				"${PODS_ROOT}/Manifest.lock",
			);
			name = "[CP] Check Pods Manifest.lock";
			outputFileListPaths = (
			);
			outputPaths = (
				"$(DERIVED_FILE_DIR)/Pods-My Society Hub-My Society HubUITests-checkManifestLockResult.txt",
			);
			runOnlyForDeploymentPostprocessing = 0;
			shellPath = /bin/sh;
			shellScript = "diff \"${PODS_PODFILE_DIR_PATH}/Podfile.lock\" \"${PODS_ROOT}/Manifest.lock\" > /dev/null\nif [ $? != 0 ] ; then\n    # print error to STDERR\n    echo \"error: The sandbox is not in sync with the Podfile.lock. Run 'pod install' or update your CocoaPods installation.\" >&2\n    exit 1\nfi\n# This output is used by Xcode 'outputs' to avoid re-running this script phase.\necho \"SUCCESS\" > \"${SCRIPT_OUTPUT_FILE_0}\"\n";
			showEnvVarsInLog = 0;
		};
		E1390D9B38A445AC8F797203 /* [CP] Embed Pods Frameworks */ = {
			isa = PBXShellScriptBuildPhase;
			buildActionMask = 2147483647;
			files = (
			);
			inputFileListPaths = (
				"${PODS_ROOT}/Target Support Files/Pods-My Society Hub-My Society HubUITests/Pods-My Society Hub-My Society HubUITests-frameworks-${CONFIGURATION}-input-files.xcfilelist",
			);
			name = "[CP] Embed Pods Frameworks";
			outputFileListPaths = (
				"${PODS_ROOT}/Target Support Files/Pods-My Society Hub-My Society HubUITests/Pods-My Society Hub-My Society HubUITests-frameworks-${CONFIGURATION}-output-files.xcfilelist",
			);
			runOnlyForDeploymentPostprocessing = 0;
			shellPath = /bin/sh;
			shellScript = "\"${PODS_ROOT}/Target Support Files/Pods-My Society Hub-My Society HubUITests/Pods-My Society Hub-My Society HubUITests-frameworks.sh\"\n";
			showEnvVarsInLog = 0;
		};
/* End PBXShellScriptBuildPhase section */

/* Begin PBXSourcesBuildPhase section */
		87DE5CAA2654F720002FAF59 /* Sources */ = {
			isa = PBXSourcesBuildPhase;
			buildActionMask = 2147483647;
			files = (
				87A7EE712657871300562DF8 /* Constants+Localization.swift in Sources */,
				877F934626597C8F00826C36 /* OperationCell.swift in Sources */,
				877F933C2659713800826C36 /* DashboardTabBarVC.swift in Sources */,
				8779511526597EBA002860F9 /* ImageCollectionCell.swift in Sources */,
				87DE5CB62654F720002FAF59 /* StartAppPagerVC.swift in Sources */,
				8779511E26598505002860F9 /* NoticeVC.swift in Sources */,
				8727284E265A73490096499F /* GlobalHelper.swift in Sources */,
				877F93422659757F00826C36 /* NoticeBoardCell.swift in Sources */,
				87D7172C265E516400CB774D /* SignatoryModel.swift in Sources */,
				8793C60E265E7FDF002ABCFB /* Date+Extension.swift in Sources */,
				87D7172A265E342400CB774D /* UserModel.swift in Sources */,
				8724FE1C265A6D8D0032BB07 /* SignatoryDetailsCell.swift in Sources */,
				87A7EE79265793C500562DF8 /* LoginVC.swift in Sources */,
				87D71728265E2E2900CB774D /* PasswordModel.swift in Sources */,
				87DE5CB22654F720002FAF59 /* AppDelegate.swift in Sources */,
				8779511B265984D1002860F9 /* MyAccountVC.swift in Sources */,
				8779512626598805002860F9 /* NoticeCell.swift in Sources */,
				877F933526596E3F00826C36 /* ChangePasswordVC.swift in Sources */,
				87272858265A78940096499F /* ComplaintDetailsVC.swift in Sources */,
				87A7EE6D265785AB00562DF8 /* UIView+Extension.swift in Sources */,
				87272848265A71260096499F /* EmergencyVC.swift in Sources */,
				870655D1265A858800BF9904 /* NewNoticeVC.swift in Sources */,
				8765364F265FABC90049C766 /* ImageFilePicker.swift in Sources */,
				8714B42C26611BA4007D38AB /* NoticeBoardPaymentCell.swift in Sources */,
				87A7EE822657960300562DF8 /* BaseViewController.swift in Sources */,
				876246C7265EA4F1009493E3 /* UITextView+Extension.swift in Sources */,
				87272853265A74F20096499F /* EmergencyNumbersCell.swift in Sources */,
				877F933E265972EB00826C36 /* PagingCollectionViewLayout.swift in Sources */,
				870655D3265A859700BF9904 /* NewComplaintVC.swift in Sources */,
				87A7EE69265784C100562DF8 /* StartAppPagerCell.swift in Sources */,
				87A7EE80265795AC00562DF8 /* Declaration.swift in Sources */,
				87DE5CF5265501D7002FAF59 /* UIColor+Extension.swift in Sources */,
				8797115726624535004A933A /* WebViewVC.swift in Sources */,
				87272850265A73B40096499F /* EmergencyNumbersVC.swift in Sources */,
				8724FE18265A6A7D0032BB07 /* BillSlabCell.swift in Sources */,
				87D71726265E240600CB774D /* UIImage+Extension.swift in Sources */,
				87D7172E265E5A7A00CB774D /* NoticeModel.swift in Sources */,
				87DE5CF3265501CA002FAF59 /* String+Extension.swift in Sources */,
				87EB63A2265D07F300C34A1E /* ApiManager.swift in Sources */,
				87272856265A78840096499F /* NoticeDetailsVC.swift in Sources */,
				87A7EE662657847000562DF8 /* Constants+Identifiers.swift in Sources */,
				87D3F8D9265A4E6C00064F19 /* PayNowVC.swift in Sources */,
				8724FE15265A6A670032BB07 /* BillSlabVC.swift in Sources */,
				87A7EE6F265785BE00562DF8 /* StaticModels.swift in Sources */,
				877951222659853F002860F9 /* ComplaintVC.swift in Sources */,
				8781D02D265FC63800682C10 /* MiniStatementModel.swift in Sources */,
				8781D023265FC00900682C10 /* MiniStatementVC.swift in Sources */,
				87971155266234A8004A933A /* ProfileVC.swift in Sources */,
				87272846265A6F670096499F /* SignatoryDetailsVC.swift in Sources */,
				877F933A26596F3A00826C36 /* DashboardVC.swift in Sources */,
				87D71724265E197F00CB774D /* LoginModel.swift in Sources */,
				87EB63A6265D0A6700C34A1E /* ApiHandler.swift in Sources */,
				8727284B265A71380096499F /* EmergencyCell.swift in Sources */,
				87A7EE7D2657954600562DF8 /* UIStoryboard+Extensions.swift in Sources */,
				8781D02A265FC03500682C10 /* MiniStatementCell.swift in Sources */,
				8724FE12265A68520032BB07 /* MyAccountCell.swift in Sources */,
				87A7EE75265789FB00562DF8 /* Constants+Images.swift in Sources */,
				8779512A26598817002860F9 /* ComplaintCell.swift in Sources */,
				877F933326596BB100826C36 /* ForgotPasswordVC.swift in Sources */,
				8781D026265FC02400682C10 /* MiniStatementHeaderCell.swift in Sources */,
				87DE5CB42654F720002FAF59 /* SceneDelegate.swift in Sources */,
				87EB63A4265D084700C34A1E /* Constants+UserDefaults.swift in Sources */,
			);
			runOnlyForDeploymentPostprocessing = 0;
		};
		87DE5CC02654F721002FAF59 /* Sources */ = {
			isa = PBXSourcesBuildPhase;
			buildActionMask = 2147483647;
			files = (
				87DE5CC92654F721002FAF59 /* My_Society_HubTests.swift in Sources */,
			);
			runOnlyForDeploymentPostprocessing = 0;
		};
		87DE5CCB2654F721002FAF59 /* Sources */ = {
			isa = PBXSourcesBuildPhase;
			buildActionMask = 2147483647;
			files = (
				87DE5CD42654F721002FAF59 /* My_Society_HubUITests.swift in Sources */,
			);
			runOnlyForDeploymentPostprocessing = 0;
		};
/* End PBXSourcesBuildPhase section */

/* Begin PBXTargetDependency section */
		87DE5CC62654F721002FAF59 /* PBXTargetDependency */ = {
			isa = PBXTargetDependency;
			target = 87DE5CAD2654F720002FAF59 /* My Society Hub */;
			targetProxy = 87DE5CC52654F721002FAF59 /* PBXContainerItemProxy */;
		};
		87DE5CD12654F721002FAF59 /* PBXTargetDependency */ = {
			isa = PBXTargetDependency;
			target = 87DE5CAD2654F720002FAF59 /* My Society Hub */;
			targetProxy = 87DE5CD02654F721002FAF59 /* PBXContainerItemProxy */;
		};
/* End PBXTargetDependency section */

/* Begin PBXVariantGroup section */
		87DE5CB72654F720002FAF59 /* Main.storyboard */ = {
			isa = PBXVariantGroup;
			children = (
				87DE5CB82654F720002FAF59 /* Base */,
			);
			name = Main.storyboard;
			sourceTree = "<group>";
		};
		87DE5CBC2654F721002FAF59 /* LaunchScreen.storyboard */ = {
			isa = PBXVariantGroup;
			children = (
				87DE5CBD2654F721002FAF59 /* Base */,
			);
			name = LaunchScreen.storyboard;
			sourceTree = "<group>";
		};
/* End PBXVariantGroup section */

/* Begin XCBuildConfiguration section */
		87DE5CD62654F721002FAF59 /* Debug */ = {
			isa = XCBuildConfiguration;
			buildSettings = {
				ALWAYS_SEARCH_USER_PATHS = NO;
				CLANG_ANALYZER_NONNULL = YES;
				CLANG_ANALYZER_NUMBER_OBJECT_CONVERSION = YES_AGGRESSIVE;
				CLANG_CXX_LANGUAGE_STANDARD = "gnu++14";
				CLANG_CXX_LIBRARY = "libc++";
				CLANG_ENABLE_MODULES = YES;
				CLANG_ENABLE_OBJC_ARC = YES;
				CLANG_ENABLE_OBJC_WEAK = YES;
				CLANG_WARN_BLOCK_CAPTURE_AUTORELEASING = YES;
				CLANG_WARN_BOOL_CONVERSION = YES;
				CLANG_WARN_COMMA = YES;
				CLANG_WARN_CONSTANT_CONVERSION = YES;
				CLANG_WARN_DEPRECATED_OBJC_IMPLEMENTATIONS = YES;
				CLANG_WARN_DIRECT_OBJC_ISA_USAGE = YES_ERROR;
				CLANG_WARN_DOCUMENTATION_COMMENTS = YES;
				CLANG_WARN_EMPTY_BODY = YES;
				CLANG_WARN_ENUM_CONVERSION = YES;
				CLANG_WARN_INFINITE_RECURSION = YES;
				CLANG_WARN_INT_CONVERSION = YES;
				CLANG_WARN_NON_LITERAL_NULL_CONVERSION = YES;
				CLANG_WARN_OBJC_IMPLICIT_RETAIN_SELF = YES;
				CLANG_WARN_OBJC_LITERAL_CONVERSION = YES;
				CLANG_WARN_OBJC_ROOT_CLASS = YES_ERROR;
				CLANG_WARN_QUOTED_INCLUDE_IN_FRAMEWORK_HEADER = YES;
				CLANG_WARN_RANGE_LOOP_ANALYSIS = YES;
				CLANG_WARN_STRICT_PROTOTYPES = YES;
				CLANG_WARN_SUSPICIOUS_MOVE = YES;
				CLANG_WARN_UNGUARDED_AVAILABILITY = YES_AGGRESSIVE;
				CLANG_WARN_UNREACHABLE_CODE = YES;
				CLANG_WARN__DUPLICATE_METHOD_MATCH = YES;
				COPY_PHASE_STRIP = NO;
				DEBUG_INFORMATION_FORMAT = dwarf;
				ENABLE_STRICT_OBJC_MSGSEND = YES;
				ENABLE_TESTABILITY = YES;
				GCC_C_LANGUAGE_STANDARD = gnu11;
				GCC_DYNAMIC_NO_PIC = NO;
				GCC_NO_COMMON_BLOCKS = YES;
				GCC_OPTIMIZATION_LEVEL = 0;
				GCC_PREPROCESSOR_DEFINITIONS = (
					"DEBUG=1",
					"$(inherited)",
				);
				GCC_WARN_64_TO_32_BIT_CONVERSION = YES;
				GCC_WARN_ABOUT_RETURN_TYPE = YES_ERROR;
				GCC_WARN_UNDECLARED_SELECTOR = YES;
				GCC_WARN_UNINITIALIZED_AUTOS = YES_AGGRESSIVE;
				GCC_WARN_UNUSED_FUNCTION = YES;
				GCC_WARN_UNUSED_VARIABLE = YES;
				IPHONEOS_DEPLOYMENT_TARGET = 14.5;
				MTL_ENABLE_DEBUG_INFO = INCLUDE_SOURCE;
				MTL_FAST_MATH = YES;
				ONLY_ACTIVE_ARCH = YES;
				SDKROOT = iphoneos;
				SWIFT_ACTIVE_COMPILATION_CONDITIONS = DEBUG;
				SWIFT_OPTIMIZATION_LEVEL = "-Onone";
			};
			name = Debug;
		};
		87DE5CD72654F721002FAF59 /* Release */ = {
			isa = XCBuildConfiguration;
			buildSettings = {
				ALWAYS_SEARCH_USER_PATHS = NO;
				CLANG_ANALYZER_NONNULL = YES;
				CLANG_ANALYZER_NUMBER_OBJECT_CONVERSION = YES_AGGRESSIVE;
				CLANG_CXX_LANGUAGE_STANDARD = "gnu++14";
				CLANG_CXX_LIBRARY = "libc++";
				CLANG_ENABLE_MODULES = YES;
				CLANG_ENABLE_OBJC_ARC = YES;
				CLANG_ENABLE_OBJC_WEAK = YES;
				CLANG_WARN_BLOCK_CAPTURE_AUTORELEASING = YES;
				CLANG_WARN_BOOL_CONVERSION = YES;
				CLANG_WARN_COMMA = YES;
				CLANG_WARN_CONSTANT_CONVERSION = YES;
				CLANG_WARN_DEPRECATED_OBJC_IMPLEMENTATIONS = YES;
				CLANG_WARN_DIRECT_OBJC_ISA_USAGE = YES_ERROR;
				CLANG_WARN_DOCUMENTATION_COMMENTS = YES;
				CLANG_WARN_EMPTY_BODY = YES;
				CLANG_WARN_ENUM_CONVERSION = YES;
				CLANG_WARN_INFINITE_RECURSION = YES;
				CLANG_WARN_INT_CONVERSION = YES;
				CLANG_WARN_NON_LITERAL_NULL_CONVERSION = YES;
				CLANG_WARN_OBJC_IMPLICIT_RETAIN_SELF = YES;
				CLANG_WARN_OBJC_LITERAL_CONVERSION = YES;
				CLANG_WARN_OBJC_ROOT_CLASS = YES_ERROR;
				CLANG_WARN_QUOTED_INCLUDE_IN_FRAMEWORK_HEADER = YES;
				CLANG_WARN_RANGE_LOOP_ANALYSIS = YES;
				CLANG_WARN_STRICT_PROTOTYPES = YES;
				CLANG_WARN_SUSPICIOUS_MOVE = YES;
				CLANG_WARN_UNGUARDED_AVAILABILITY = YES_AGGRESSIVE;
				CLANG_WARN_UNREACHABLE_CODE = YES;
				CLANG_WARN__DUPLICATE_METHOD_MATCH = YES;
				COPY_PHASE_STRIP = NO;
				DEBUG_INFORMATION_FORMAT = "dwarf-with-dsym";
				ENABLE_NS_ASSERTIONS = NO;
				ENABLE_STRICT_OBJC_MSGSEND = YES;
				GCC_C_LANGUAGE_STANDARD = gnu11;
				GCC_NO_COMMON_BLOCKS = YES;
				GCC_WARN_64_TO_32_BIT_CONVERSION = YES;
				GCC_WARN_ABOUT_RETURN_TYPE = YES_ERROR;
				GCC_WARN_UNDECLARED_SELECTOR = YES;
				GCC_WARN_UNINITIALIZED_AUTOS = YES_AGGRESSIVE;
				GCC_WARN_UNUSED_FUNCTION = YES;
				GCC_WARN_UNUSED_VARIABLE = YES;
				IPHONEOS_DEPLOYMENT_TARGET = 14.5;
				MTL_ENABLE_DEBUG_INFO = NO;
				MTL_FAST_MATH = YES;
				SDKROOT = iphoneos;
				SWIFT_COMPILATION_MODE = wholemodule;
				SWIFT_OPTIMIZATION_LEVEL = "-O";
				VALIDATE_PRODUCT = YES;
			};
			name = Release;
		};
		87DE5CD92654F721002FAF59 /* Debug */ = {
			isa = XCBuildConfiguration;
			baseConfigurationReference = 8EFA402BEACB6C40E538CF9C /* Pods-My Society Hub.debug.xcconfig */;
			buildSettings = {
				ASSETCATALOG_COMPILER_APPICON_NAME = AppIcon;
				ASSETCATALOG_COMPILER_GLOBAL_ACCENT_COLOR_NAME = AccentColor;
				CODE_SIGN_STYLE = Automatic;
				DEVELOPMENT_TEAM = U3797556X9;
				INFOPLIST_FILE = "My Society Hub/Info.plist";
				LD_RUNPATH_SEARCH_PATHS = (
					"$(inherited)",
					"@executable_path/Frameworks",
				);
				PRODUCT_BUNDLE_IDENTIFIER = com.mySocietyHub.build;
				PRODUCT_NAME = "$(TARGET_NAME)";
				SWIFT_VERSION = 5.0;
				TARGETED_DEVICE_FAMILY = "1,2";
			};
			name = Debug;
		};
		87DE5CDA2654F721002FAF59 /* Release */ = {
			isa = XCBuildConfiguration;
			baseConfigurationReference = D7C9DE353D6A7DFE635B2975 /* Pods-My Society Hub.release.xcconfig */;
			buildSettings = {
				ASSETCATALOG_COMPILER_APPICON_NAME = AppIcon;
				ASSETCATALOG_COMPILER_GLOBAL_ACCENT_COLOR_NAME = AccentColor;
				CODE_SIGN_STYLE = Automatic;
				DEVELOPMENT_TEAM = U3797556X9;
				INFOPLIST_FILE = "My Society Hub/Info.plist";
				LD_RUNPATH_SEARCH_PATHS = (
					"$(inherited)",
					"@executable_path/Frameworks",
				);
				PRODUCT_BUNDLE_IDENTIFIER = com.mySocietyHub.build;
				PRODUCT_NAME = "$(TARGET_NAME)";
				SWIFT_VERSION = 5.0;
				TARGETED_DEVICE_FAMILY = "1,2";
			};
			name = Release;
		};
		87DE5CDC2654F721002FAF59 /* Debug */ = {
			isa = XCBuildConfiguration;
			baseConfigurationReference = 866520D75F47A3D34D7BDACC /* Pods-My Society HubTests.debug.xcconfig */;
			buildSettings = {
				ALWAYS_EMBED_SWIFT_STANDARD_LIBRARIES = YES;
				BUNDLE_LOADER = "$(TEST_HOST)";
				CODE_SIGN_STYLE = Automatic;
				INFOPLIST_FILE = "My Society HubTests/Info.plist";
				IPHONEOS_DEPLOYMENT_TARGET = 14.5;
				LD_RUNPATH_SEARCH_PATHS = (
					"$(inherited)",
					"@executable_path/Frameworks",
					"@loader_path/Frameworks",
				);
				PRODUCT_BUNDLE_IDENTIFIER = "com.mySocietyHub.build.My-Society-HubTests";
				PRODUCT_NAME = "$(TARGET_NAME)";
				SWIFT_VERSION = 5.0;
				TARGETED_DEVICE_FAMILY = "1,2";
				TEST_HOST = "$(BUILT_PRODUCTS_DIR)/My Society Hub.app/My Society Hub";
			};
			name = Debug;
		};
		87DE5CDD2654F721002FAF59 /* Release */ = {
			isa = XCBuildConfiguration;
			baseConfigurationReference = BC571713AB2D1BB226754DE3 /* Pods-My Society HubTests.release.xcconfig */;
			buildSettings = {
				ALWAYS_EMBED_SWIFT_STANDARD_LIBRARIES = YES;
				BUNDLE_LOADER = "$(TEST_HOST)";
				CODE_SIGN_STYLE = Automatic;
				INFOPLIST_FILE = "My Society HubTests/Info.plist";
				IPHONEOS_DEPLOYMENT_TARGET = 14.5;
				LD_RUNPATH_SEARCH_PATHS = (
					"$(inherited)",
					"@executable_path/Frameworks",
					"@loader_path/Frameworks",
				);
				PRODUCT_BUNDLE_IDENTIFIER = "com.mySocietyHub.build.My-Society-HubTests";
				PRODUCT_NAME = "$(TARGET_NAME)";
				SWIFT_VERSION = 5.0;
				TARGETED_DEVICE_FAMILY = "1,2";
				TEST_HOST = "$(BUILT_PRODUCTS_DIR)/My Society Hub.app/My Society Hub";
			};
			name = Release;
		};
		87DE5CDF2654F721002FAF59 /* Debug */ = {
			isa = XCBuildConfiguration;
			baseConfigurationReference = 0FD5CEB79FADC0A5A51FA144 /* Pods-My Society Hub-My Society HubUITests.debug.xcconfig */;
			buildSettings = {
				ALWAYS_EMBED_SWIFT_STANDARD_LIBRARIES = YES;
				CODE_SIGN_STYLE = Automatic;
				INFOPLIST_FILE = "My Society HubUITests/Info.plist";
				LD_RUNPATH_SEARCH_PATHS = (
					"$(inherited)",
					"@executable_path/Frameworks",
					"@loader_path/Frameworks",
				);
				PRODUCT_BUNDLE_IDENTIFIER = "com.mySocietyHub.build.My-Society-HubUITests";
				PRODUCT_NAME = "$(TARGET_NAME)";
				SWIFT_VERSION = 5.0;
				TARGETED_DEVICE_FAMILY = "1,2";
				TEST_TARGET_NAME = "My Society Hub";
			};
			name = Debug;
		};
		87DE5CE02654F721002FAF59 /* Release */ = {
			isa = XCBuildConfiguration;
			baseConfigurationReference = BC16354DB664F0053B613008 /* Pods-My Society Hub-My Society HubUITests.release.xcconfig */;
			buildSettings = {
				ALWAYS_EMBED_SWIFT_STANDARD_LIBRARIES = YES;
				CODE_SIGN_STYLE = Automatic;
				INFOPLIST_FILE = "My Society HubUITests/Info.plist";
				LD_RUNPATH_SEARCH_PATHS = (
					"$(inherited)",
					"@executable_path/Frameworks",
					"@loader_path/Frameworks",
				);
				PRODUCT_BUNDLE_IDENTIFIER = "com.mySocietyHub.build.My-Society-HubUITests";
				PRODUCT_NAME = "$(TARGET_NAME)";
				SWIFT_VERSION = 5.0;
				TARGETED_DEVICE_FAMILY = "1,2";
				TEST_TARGET_NAME = "My Society Hub";
			};
			name = Release;
		};
/* End XCBuildConfiguration section */

/* Begin XCConfigurationList section */
		87DE5CA92654F720002FAF59 /* Build configuration list for PBXProject "My Society Hub" */ = {
			isa = XCConfigurationList;
			buildConfigurations = (
				87DE5CD62654F721002FAF59 /* Debug */,
				87DE5CD72654F721002FAF59 /* Release */,
			);
			defaultConfigurationIsVisible = 0;
			defaultConfigurationName = Release;
		};
		87DE5CD82654F721002FAF59 /* Build configuration list for PBXNativeTarget "My Society Hub" */ = {
			isa = XCConfigurationList;
			buildConfigurations = (
				87DE5CD92654F721002FAF59 /* Debug */,
				87DE5CDA2654F721002FAF59 /* Release */,
			);
			defaultConfigurationIsVisible = 0;
			defaultConfigurationName = Release;
		};
		87DE5CDB2654F721002FAF59 /* Build configuration list for PBXNativeTarget "My Society HubTests" */ = {
			isa = XCConfigurationList;
			buildConfigurations = (
				87DE5CDC2654F721002FAF59 /* Debug */,
				87DE5CDD2654F721002FAF59 /* Release */,
			);
			defaultConfigurationIsVisible = 0;
			defaultConfigurationName = Release;
		};
		87DE5CDE2654F721002FAF59 /* Build configuration list for PBXNativeTarget "My Society HubUITests" */ = {
			isa = XCConfigurationList;
			buildConfigurations = (
				87DE5CDF2654F721002FAF59 /* Debug */,
				87DE5CE02654F721002FAF59 /* Release */,
			);
			defaultConfigurationIsVisible = 0;
			defaultConfigurationName = Release;
		};
/* End XCConfigurationList section */
	};
	rootObject = 87DE5CA62654F720002FAF59 /* Project object */;
}
